// !$*UTF8*$!
{
	archiveVersion = 1;
	classes = {
	};
	objectVersion = 77;
	objects = {

/* Begin PBXContainerItemProxy section */
		B05580D72D08FAAF00E74CBD /* PBXContainerItemProxy */ = {
			isa = PBXContainerItemProxy;
			containerPortal = B05580B82D08FAAE00E74CBD /* Project object */;
			proxyType = 1;
			remoteGlobalIDString = B05580BF2D08FAAE00E74CBD;
			remoteInfo = PDFKitSwift;
		};
		B05580E12D08FAAF00E74CBD /* PBXContainerItemProxy */ = {
			isa = PBXContainerItemProxy;
			containerPortal = B05580B82D08FAAE00E74CBD /* Project object */;
			proxyType = 1;
			remoteGlobalIDString = B05580BF2D08FAAE00E74CBD;
			remoteInfo = PDFKitSwift;
		};
/* End PBXContainerItemProxy section */

/* Begin PBXFileReference section */
		B05580C02D08FAAE00E74CBD /* PDFKitSwift.app */ = {isa = PBXFileReference; explicitFileType = wrapper.application; includeInIndex = 0; path = PDFKitSwift.app; sourceTree = BUILT_PRODUCTS_DIR; };
		B05580D62D08FAAF00E74CBD /* PDFKitSwiftTests.xctest */ = {isa = PBXFileReference; explicitFileType = wrapper.cfbundle; includeInIndex = 0; path = PDFKitSwiftTests.xctest; sourceTree = BUILT_PRODUCTS_DIR; };
		B05580E02D08FAAF00E74CBD /* PDFKitSwiftUITests.xctest */ = {isa = PBXFileReference; explicitFileType = wrapper.cfbundle; includeInIndex = 0; path = PDFKitSwiftUITests.xctest; sourceTree = BUILT_PRODUCTS_DIR; };
/* End PBXFileReference section */

/* Begin PBXFileSystemSynchronizedBuildFileExceptionSet section */
		B05580E82D08FAAF00E74CBD /* Exceptions for "PDFKitSwift" folder in "PDFKitSwift" target */ = {
			isa = PBXFileSystemSynchronizedBuildFileExceptionSet;
			membershipExceptions = (
				Info.plist,
			);
			target = B05580BF2D08FAAE00E74CBD /* PDFKitSwift */;
		};
/* End PBXFileSystemSynchronizedBuildFileExceptionSet section */

/* Begin PBXFileSystemSynchronizedRootGroup section */
		B05580C22D08FAAE00E74CBD /* PDFKitSwift */ = {
			isa = PBXFileSystemSynchronizedRootGroup;
			exceptions = (
				B05580E82D08FAAF00E74CBD /* Exceptions for "PDFKitSwift" folder in "PDFKitSwift" target */,
			);
			path = PDFKitSwift;
			sourceTree = "<group>";
		};
		B05580D92D08FAAF00E74CBD /* PDFKitSwiftTests */ = {
			isa = PBXFileSystemSynchronizedRootGroup;
			path = PDFKitSwiftTests;
			sourceTree = "<group>";
		};
		B05580E32D08FAAF00E74CBD /* PDFKitSwiftUITests */ = {
			isa = PBXFileSystemSynchronizedRootGroup;
			path = PDFKitSwiftUITests;
			sourceTree = "<group>";
		};
/* End PBXFileSystemSynchronizedRootGroup section */

/* Begin PBXFrameworksBuildPhase section */
		B05580BD2D08FAAE00E74CBD /* Frameworks */ = {
			isa = PBXFrameworksBuildPhase;
			buildActionMask = 2147483647;
			files = (
			);
			runOnlyForDeploymentPostprocessing = 0;
		};
		B05580D32D08FAAF00E74CBD /* Frameworks */ = {
			isa = PBXFrameworksBuildPhase;
			buildActionMask = 2147483647;
			files = (
			);
			runOnlyForDeploymentPostprocessing = 0;
		};
		B05580DD2D08FAAF00E74CBD /* Frameworks */ = {
			isa = PBXFrameworksBuildPhase;
			buildActionMask = 2147483647;
			files = (
			);
			runOnlyForDeploymentPostprocessing = 0;
		};
/* End PBXFrameworksBuildPhase section */

/* Begin PBXGroup section */
		B05580B72D08FAAE00E74CBD = {
			isa = PBXGroup;
			children = (
				B05580C22D08FAAE00E74CBD /* PDFKitSwift */,
				B05580D92D08FAAF00E74CBD /* PDFKitSwiftTests */,
				B05580E32D08FAAF00E74CBD /* PDFKitSwiftUITests */,
				B05580C12D08FAAE00E74CBD /* Products */,
			);
			sourceTree = "<group>";
		};
		B05580C12D08FAAE00E74CBD /* Products */ = {
			isa = PBXGroup;
			children = (
				B05580C02D08FAAE00E74CBD /* PDFKitSwift.app */,
				B05580D62D08FAAF00E74CBD /* PDFKitSwiftTests.xctest */,
				B05580E02D08FAAF00E74CBD /* PDFKitSwiftUITests.xctest */,
			);
			name = Products;
			sourceTree = "<group>";
		};
/* End PBXGroup section */

/* Begin PBXNativeTarget section */
		B05580BF2D08FAAE00E74CBD /* PDFKitSwift */ = {
			isa = PBXNativeTarget;
			buildConfigurationList = B05580E92D08FAAF00E74CBD /* Build configuration list for PBXNativeTarget "PDFKitSwift" */;
			buildPhases = (
				B05580BC2D08FAAE00E74CBD /* Sources */,
				B05580BD2D08FAAE00E74CBD /* Frameworks */,
				B05580BE2D08FAAE00E74CBD /* Resources */,
			);
			buildRules = (
			);
			dependencies = (
			);
			fileSystemSynchronizedGroups = (
				B05580C22D08FAAE00E74CBD /* PDFKitSwift */,
			);
			name = PDFKitSwift;
			packageProductDependencies = (
			);
			productName = PDFKitSwift;
			productReference = B05580C02D08FAAE00E74CBD /* PDFKitSwift.app */;
			productType = "com.apple.product-type.application";
		};
		B05580D52D08FAAF00E74CBD /* PDFKitSwiftTests */ = {
			isa = PBXNativeTarget;
			buildConfigurationList = B05580EE2D08FAAF00E74CBD /* Build configuration list for PBXNativeTarget "PDFKitSwiftTests" */;
			buildPhases = (
				B05580D22D08FAAF00E74CBD /* Sources */,
				B05580D32D08FAAF00E74CBD /* Frameworks */,
				B05580D42D08FAAF00E74CBD /* Resources */,
			);
			buildRules = (
			);
			dependencies = (
				B05580D82D08FAAF00E74CBD /* PBXTargetDependency */,
			);
			fileSystemSynchronizedGroups = (
				B05580D92D08FAAF00E74CBD /* PDFKitSwiftTests */,
			);
			name = PDFKitSwiftTests;
			packageProductDependencies = (
			);
			productName = PDFKitSwiftTests;
			productReference = B05580D62D08FAAF00E74CBD /* PDFKitSwiftTests.xctest */;
			productType = "com.apple.product-type.bundle.unit-test";
		};
		B05580DF2D08FAAF00E74CBD /* PDFKitSwiftUITests */ = {
			isa = PBXNativeTarget;
			buildConfigurationList = B05580F12D08FAAF00E74CBD /* Build configuration list for PBXNativeTarget "PDFKitSwiftUITests" */;
			buildPhases = (
				B05580DC2D08FAAF00E74CBD /* Sources */,
				B05580DD2D08FAAF00E74CBD /* Frameworks */,
				B05580DE2D08FAAF00E74CBD /* Resources */,
			);
			buildRules = (
			);
			dependencies = (
				B05580E22D08FAAF00E74CBD /* PBXTargetDependency */,
			);
			fileSystemSynchronizedGroups = (
				B05580E32D08FAAF00E74CBD /* PDFKitSwiftUITests */,
			);
			name = PDFKitSwiftUITests;
			packageProductDependencies = (
			);
			productName = PDFKitSwiftUITests;
			productReference = B05580E02D08FAAF00E74CBD /* PDFKitSwiftUITests.xctest */;
			productType = "com.apple.product-type.bundle.ui-testing";
		};
/* End PBXNativeTarget section */

/* Begin PBXProject section */
		B05580B82D08FAAE00E74CBD /* Project object */ = {
			isa = PBXProject;
			attributes = {
				BuildIndependentTargetsInParallel = 1;
				LastSwiftUpdateCheck = 1610;
				LastUpgradeCheck = 1610;
				TargetAttributes = {
					B05580BF2D08FAAE00E74CBD = {
						CreatedOnToolsVersion = 16.1;
					};
					B05580D52D08FAAF00E74CBD = {
						CreatedOnToolsVersion = 16.1;
						TestTargetID = B05580BF2D08FAAE00E74CBD;
					};
					B05580DF2D08FAAF00E74CBD = {
						CreatedOnToolsVersion = 16.1;
						TestTargetID = B05580BF2D08FAAE00E74CBD;
					};
				};
			};
			buildConfigurationList = B05580BB2D08FAAE00E74CBD /* Build configuration list for PBXProject "PDFKitSwift" */;
			developmentRegion = en;
			hasScannedForEncodings = 0;
			knownRegions = (
				en,
				Base,
			);
			mainGroup = B05580B72D08FAAE00E74CBD;
			minimizedProjectReferenceProxies = 1;
			preferredProjectObjectVersion = 77;
			productRefGroup = B05580C12D08FAAE00E74CBD /* Products */;
			projectDirPath = "";
			projectRoot = "";
			targets = (
				B05580BF2D08FAAE00E74CBD /* PDFKitSwift */,
				B05580D52D08FAAF00E74CBD /* PDFKitSwiftTests */,
				B05580DF2D08FAAF00E74CBD /* PDFKitSwiftUITests */,
			);
		};
/* End PBXProject section */

/* Begin PBXResourcesBuildPhase section */
		B05580BE2D08FAAE00E74CBD /* Resources */ = {
			isa = PBXResourcesBuildPhase;
			buildActionMask = 2147483647;
			files = (
			);
			runOnlyForDeploymentPostprocessing = 0;
		};
		B05580D42D08FAAF00E74CBD /* Resources */ = {
			isa = PBXResourcesBuildPhase;
			buildActionMask = 2147483647;
			files = (
			);
			runOnlyForDeploymentPostprocessing = 0;
		};
		B05580DE2D08FAAF00E74CBD /* Resources */ = {
			isa = PBXResourcesBuildPhase;
			buildActionMask = 2147483647;
			files = (
			);
			runOnlyForDeploymentPostprocessing = 0;
		};
/* End PBXResourcesBuildPhase section */

/* Begin PBXSourcesBuildPhase section */
		B05580BC2D08FAAE00E74CBD /* Sources */ = {
			isa = PBXSourcesBuildPhase;
			buildActionMask = 2147483647;
			files = (
			);
			runOnlyForDeploymentPostprocessing = 0;
		};
		B05580D22D08FAAF00E74CBD /* Sources */ = {
			isa = PBXSourcesBuildPhase;
			buildActionMask = 2147483647;
			files = (
			);
			runOnlyForDeploymentPostprocessing = 0;
		};
		B05580DC2D08FAAF00E74CBD /* Sources */ = {
			isa = PBXSourcesBuildPhase;
			buildActionMask = 2147483647;
			files = (
			);
			runOnlyForDeploymentPostprocessing = 0;
		};
/* End PBXSourcesBuildPhase section */

/* Begin PBXTargetDependency section */
		B05580D82D08FAAF00E74CBD /* PBXTargetDependency */ = {
			isa = PBXTargetDependency;
			target = B05580BF2D08FAAE00E74CBD /* PDFKitSwift */;
			targetProxy = B05580D72D08FAAF00E74CBD /* PBXContainerItemProxy */;
		};
		B05580E22D08FAAF00E74CBD /* PBXTargetDependency */ = {
			isa = PBXTargetDependency;
			target = B05580BF2D08FAAE00E74CBD /* PDFKitSwift */;
			targetProxy = B05580E12D08FAAF00E74CBD /* PBXContainerItemProxy */;
		};
/* End PBXTargetDependency section */

/* Begin XCBuildConfiguration section */
		B05580EA2D08FAAF00E74CBD /* Debug */ = {
			isa = XCBuildConfiguration;
			buildSettings = {
				ASSETCATALOG_COMPILER_APPICON_NAME = AppIcon;
				ASSETCATALOG_COMPILER_GLOBAL_ACCENT_COLOR_NAME = AccentColor;
				CODE_SIGN_STYLE = Automatic;
				CURRENT_PROJECT_VERSION = 1;
				DEVELOPMENT_TEAM = V4QU4VQ75G;
				GENERATE_INFOPLIST_FILE = YES;
				INFOPLIST_FILE = PDFKitSwift/Info.plist;
				INFOPLIST_KEY_UIApplicationSupportsIndirectInputEvents = YES;
				INFOPLIST_KEY_UILaunchStoryboardName = LaunchScreen;
				INFOPLIST_KEY_UIMainStoryboardFile = Main;
				INFOPLIST_KEY_UISupportedInterfaceOrientations_iPad = "UIInterfaceOrientationPortrait UIInterfaceOrientationPortraitUpsideDown UIInterfaceOrientationLandscapeLeft UIInterfaceOrientationLandscapeRight";
				INFOPLIST_KEY_UISupportedInterfaceOrientations_iPhone = "UIInterfaceOrientationPortrait UIInterfaceOrientationLandscapeLeft UIInterfaceOrientationLandscapeRight";
				LD_RUNPATH_SEARCH_PATHS = (
					"$(inherited)",
					"@executable_path/Frameworks",
				);
				MARKETING_VERSION = 1.0;
				PRODUCT_BUNDLE_IDENTIFIER = com.antonio.PDFKitSwift;
				PRODUCT_NAME = "$(TARGET_NAME)";
				SWIFT_EMIT_LOC_STRINGS = YES;
				SWIFT_VERSION = 5.0;
				TARGETED_DEVICE_FAMILY = "1,2";
			};
			name = Debug;
		};
		B05580EB2D08FAAF00E74CBD /* Release */ = {
			isa = XCBuildConfiguration;
			buildSettings = {
				ASSETCATALOG_COMPILER_APPICON_NAME = AppIcon;
				ASSETCATALOG_COMPILER_GLOBAL_ACCENT_COLOR_NAME = AccentColor;
				CODE_SIGN_STYLE = Automatic;
				CURRENT_PROJECT_VERSION = 1;
				DEVELOPMENT_TEAM = V4QU4VQ75G;
				GENERATE_INFOPLIST_FILE = YES;
				INFOPLIST_FILE = PDFKitSwift/Info.plist;
				INFOPLIST_KEY_UIApplicationSupportsIndirectInputEvents = YES;
				INFOPLIST_KEY_UILaunchStoryboardName = LaunchScreen;
				INFOPLIST_KEY_UIMainStoryboardFile = Main;
				INFOPLIST_KEY_UISupportedInterfaceOrientations_iPad = "UIInterfaceOrientationPortrait UIInterfaceOrientationPortraitUpsideDown UIInterfaceOrientationLandscapeLeft UIInterfaceOrientationLandscapeRight";
				INFOPLIST_KEY_UISupportedInterfaceOrientations_iPhone = "UIInterfaceOrientationPortrait UIInterfaceOrientationLandscapeLeft UIInterfaceOrientationLandscapeRight";
				LD_RUNPATH_SEARCH_PATHS = (
					"$(inherited)",
					"@executable_path/Frameworks",
				);
				MARKETING_VERSION = 1.0;
				PRODUCT_BUNDLE_IDENTIFIER = com.antonio.PDFKitSwift;
				PRODUCT_NAME = "$(TARGET_NAME)";
				SWIFT_EMIT_LOC_STRINGS = YES;
				SWIFT_VERSION = 5.0;
				TARGETED_DEVICE_FAMILY = "1,2";
			};
			name = Release;
		};
		B05580EC2D08FAAF00E74CBD /* Debug */ = {
			isa = XCBuildConfiguration;
			buildSettings = {
				ALWAYS_SEARCH_USER_PATHS = NO;
				ASSETCATALOG_COMPILER_GENERATE_SWIFT_ASSET_SYMBOL_EXTENSIONS = YES;
				CLANG_ANALYZER_NONNULL = YES;
				CLANG_ANALYZER_NUMBER_OBJECT_CONVERSION = YES_AGGRESSIVE;
				CLANG_CXX_LANGUAGE_STANDARD = "gnu++20";
				CLANG_ENABLE_MODULES = YES;
				CLANG_ENABLE_OBJC_ARC = YES;
				CLANG_ENABLE_OBJC_WEAK = YES;
				CLANG_WARN_BLOCK_CAPTURE_AUTORELEASING = YES;
				CLANG_WARN_BOOL_CONVERSION = YES;
				CLANG_WARN_COMMA = YES;
				CLANG_WARN_CONSTANT_CONVERSION = YES;
				CLANG_WARN_DEPRECATED_OBJC_IMPLEMENTATIONS = YES;
				CLANG_WARN_DIRECT_OBJC_ISA_USAGE = YES_ERROR;
				CLANG_WARN_DOCUMENTATION_COMMENTS = YES;
				CLANG_WARN_EMPTY_BODY = YES;
				CLANG_WARN_ENUM_CONVERSION = YES;
				CLANG_WARN_INFINITE_RECURSION = YES;
				CLANG_WARN_INT_CONVERSION = YES;
				CLANG_WARN_NON_LITERAL_NULL_CONVERSION = YES;
				CLANG_WARN_OBJC_IMPLICIT_RETAIN_SELF = YES;
				CLANG_WARN_OBJC_LITERAL_CONVERSION = YES;
				CLANG_WARN_OBJC_ROOT_CLASS = YES_ERROR;
				CLANG_WARN_QUOTED_INCLUDE_IN_FRAMEWORK_HEADER = YES;
				CLANG_WARN_RANGE_LOOP_ANALYSIS = YES;
				CLANG_WARN_STRICT_PROTOTYPES = YES;
				CLANG_WARN_SUSPICIOUS_MOVE = YES;
				CLANG_WARN_UNGUARDED_AVAILABILITY = YES_AGGRESSIVE;
				CLANG_WARN_UNREACHABLE_CODE = YES;
				CLANG_WARN__DUPLICATE_METHOD_MATCH = YES;
				COPY_PHASE_STRIP = NO;
				DEBUG_INFORMATION_FORMAT = dwarf;
				ENABLE_STRICT_OBJC_MSGSEND = YES;
				ENABLE_TESTABILITY = YES;
				ENABLE_USER_SCRIPT_SANDBOXING = YES;
				GCC_C_LANGUAGE_STANDARD = gnu17;
				GCC_DYNAMIC_NO_PIC = NO;
				GCC_NO_COMMON_BLOCKS = YES;
				GCC_OPTIMIZATION_LEVEL = 0;
				GCC_PREPROCESSOR_DEFINITIONS = (
					"DEBUG=1",
					"$(inherited)",
				);
				GCC_WARN_64_TO_32_BIT_CONVERSION = YES;
				GCC_WARN_ABOUT_RETURN_TYPE = YES_ERROR;
				GCC_WARN_UNDECLARED_SELECTOR = YES;
				GCC_WARN_UNINITIALIZED_AUTOS = YES_AGGRESSIVE;
				GCC_WARN_UNUSED_FUNCTION = YES;
				GCC_WARN_UNUSED_VARIABLE = YES;
				IPHONEOS_DEPLOYMENT_TARGET = 18.1;
				LOCALIZATION_PREFERS_STRING_CATALOGS = YES;
				MTL_ENABLE_DEBUG_INFO = INCLUDE_SOURCE;
				MTL_FAST_MATH = YES;
				ONLY_ACTIVE_ARCH = YES;
				SDKROOT = iphoneos;
				SWIFT_ACTIVE_COMPILATION_CONDITIONS = "DEBUG $(inherited)";
				SWIFT_OPTIMIZATION_LEVEL = "-Onone";
			};
			name = Debug;
		};
		B05580ED2D08FAAF00E74CBD /* Release */ = {
			isa = XCBuildConfiguration;
			buildSettings = {
				ALWAYS_SEARCH_USER_PATHS = NO;
				ASSETCATALOG_COMPILER_GENERATE_SWIFT_ASSET_SYMBOL_EXTENSIONS = YES;
				CLANG_ANALYZER_NONNULL = YES;
				CLANG_ANALYZER_NUMBER_OBJECT_CONVERSION = YES_AGGRESSIVE;
				CLANG_CXX_LANGUAGE_STANDARD = "gnu++20";
				CLANG_ENABLE_MODULES = YES;
				CLANG_ENABLE_OBJC_ARC = YES;
				CLANG_ENABLE_OBJC_WEAK = YES;
				CLANG_WARN_BLOCK_CAPTURE_AUTORELEASING = YES;
				CLANG_WARN_BOOL_CONVERSION = YES;
				CLANG_WARN_COMMA = YES;
				CLANG_WARN_CONSTANT_CONVERSION = YES;
				CLANG_WARN_DEPRECATED_OBJC_IMPLEMENTATIONS = YES;
				CLANG_WARN_DIRECT_OBJC_ISA_USAGE = YES_ERROR;
				CLANG_WARN_DOCUMENTATION_COMMENTS = YES;
				CLANG_WARN_EMPTY_BODY = YES;
				CLANG_WARN_ENUM_CONVERSION = YES;
				CLANG_WARN_INFINITE_RECURSION = YES;
				CLANG_WARN_INT_CONVERSION = YES;
				CLANG_WARN_NON_LITERAL_NULL_CONVERSION = YES;
				CLANG_WARN_OBJC_IMPLICIT_RETAIN_SELF = YES;
				CLANG_WARN_OBJC_LITERAL_CONVERSION = YES;
				CLANG_WARN_OBJC_ROOT_CLASS = YES_ERROR;
				CLANG_WARN_QUOTED_INCLUDE_IN_FRAMEWORK_HEADER = YES;
				CLANG_WARN_RANGE_LOOP_ANALYSIS = YES;
				CLANG_WARN_STRICT_PROTOTYPES = YES;
				CLANG_WARN_SUSPICIOUS_MOVE = YES;
				CLANG_WARN_UNGUARDED_AVAILABILITY = YES_AGGRESSIVE;
				CLANG_WARN_UNREACHABLE_CODE = YES;
				CLANG_WARN__DUPLICATE_METHOD_MATCH = YES;
				COPY_PHASE_STRIP = NO;
				DEBUG_INFORMATION_FORMAT = "dwarf-with-dsym";
				ENABLE_NS_ASSERTIONS = NO;
				ENABLE_STRICT_OBJC_MSGSEND = YES;
				ENABLE_USER_SCRIPT_SANDBOXING = YES;
				GCC_C_LANGUAGE_STANDARD = gnu17;
				GCC_NO_COMMON_BLOCKS = YES;
				GCC_WARN_64_TO_32_BIT_CONVERSION = YES;
				GCC_WARN_ABOUT_RETURN_TYPE = YES_ERROR;
				GCC_WARN_UNDECLARED_SELECTOR = YES;
				GCC_WARN_UNINITIALIZED_AUTOS = YES_AGGRESSIVE;
				GCC_WARN_UNUSED_FUNCTION = YES;
				GCC_WARN_UNUSED_VARIABLE = YES;
				IPHONEOS_DEPLOYMENT_TARGET = 18.1;
				LOCALIZATION_PREFERS_STRING_CATALOGS = YES;
				MTL_ENABLE_DEBUG_INFO = NO;
				MTL_FAST_MATH = YES;
				SDKROOT = iphoneos;
				SWIFT_COMPILATION_MODE = wholemodule;
				VALIDATE_PRODUCT = YES;
			};
			name = Release;
		};
		B05580EF2D08FAAF00E74CBD /* Debug */ = {
			isa = XCBuildConfiguration;
			buildSettings = {
				BUNDLE_LOADER = "$(TEST_HOST)";
				CODE_SIGN_STYLE = Automatic;
				CURRENT_PROJECT_VERSION = 1;
				GENERATE_INFOPLIST_FILE = YES;
				IPHONEOS_DEPLOYMENT_TARGET = 18.1;
				MARKETING_VERSION = 1.0;
				PRODUCT_BUNDLE_IDENTIFIER = com.antonio.PDFKitSwiftTests;
				PRODUCT_NAME = "$(TARGET_NAME)";
				SWIFT_EMIT_LOC_STRINGS = NO;
				SWIFT_VERSION = 5.0;
				TARGETED_DEVICE_FAMILY = "1,2";
				TEST_HOST = "$(BUILT_PRODUCTS_DIR)/PDFKitSwift.app/$(BUNDLE_EXECUTABLE_FOLDER_PATH)/PDFKitSwift";
			};
			name = Debug;
		};
		B05580F02D08FAAF00E74CBD /* Release */ = {
			isa = XCBuildConfiguration;
			buildSettings = {
				BUNDLE_LOADER = "$(TEST_HOST)";
				CODE_SIGN_STYLE = Automatic;
				CURRENT_PROJECT_VERSION = 1;
				GENERATE_INFOPLIST_FILE = YES;
				IPHONEOS_DEPLOYMENT_TARGET = 18.1;
				MARKETING_VERSION = 1.0;
				PRODUCT_BUNDLE_IDENTIFIER = com.antonio.PDFKitSwiftTests;
				PRODUCT_NAME = "$(TARGET_NAME)";
				SWIFT_EMIT_LOC_STRINGS = NO;
				SWIFT_VERSION = 5.0;
				TARGETED_DEVICE_FAMILY = "1,2";
				TEST_HOST = "$(BUILT_PRODUCTS_DIR)/PDFKitSwift.app/$(BUNDLE_EXECUTABLE_FOLDER_PATH)/PDFKitSwift";
			};
			name = Release;
		};
		B05580F22D08FAAF00E74CBD /* Debug */ = {
			isa = XCBuildConfiguration;
			buildSettings = {
				CODE_SIGN_STYLE = Automatic;
				CURRENT_PROJECT_VERSION = 1;
				GENERATE_INFOPLIST_FILE = YES;
				MARKETING_VERSION = 1.0;
				PRODUCT_BUNDLE_IDENTIFIER = com.antonio.PDFKitSwiftUITests;
				PRODUCT_NAME = "$(TARGET_NAME)";
				SWIFT_EMIT_LOC_STRINGS = NO;
				SWIFT_VERSION = 5.0;
				TARGETED_DEVICE_FAMILY = "1,2";
				TEST_TARGET_NAME = PDFKitSwift;
			};
			name = Debug;
		};
		B05580F32D08FAAF00E74CBD /* Release */ = {
			isa = XCBuildConfiguration;
			buildSettings = {
				CODE_SIGN_STYLE = Automatic;
				CURRENT_PROJECT_VERSION = 1;
				GENERATE_INFOPLIST_FILE = YES;
				MARKETING_VERSION = 1.0;
				PRODUCT_BUNDLE_IDENTIFIER = com.antonio.PDFKitSwiftUITests;
				PRODUCT_NAME = "$(TARGET_NAME)";
				SWIFT_EMIT_LOC_STRINGS = NO;
				SWIFT_VERSION = 5.0;
				TARGETED_DEVICE_FAMILY = "1,2";
				TEST_TARGET_NAME = PDFKitSwift;
			};
			name = Release;
		};
/* End XCBuildConfiguration section */

/* Begin XCConfigurationList section */
		B05580BB2D08FAAE00E74CBD /* Build configuration list for PBXProject "PDFKitSwift" */ = {
			isa = XCConfigurationList;
			buildConfigurations = (
				B05580EC2D08FAAF00E74CBD /* Debug */,
				B05580ED2D08FAAF00E74CBD /* Release */,
			);
			defaultConfigurationIsVisible = 0;
			defaultConfigurationName = Release;
		};
		B05580E92D08FAAF00E74CBD /* Build configuration list for PBXNativeTarget "PDFKitSwift" */ = {
			isa = XCConfigurationList;
			buildConfigurations = (
				B05580EA2D08FAAF00E74CBD /* Debug */,
				B05580EB2D08FAAF00E74CBD /* Release */,
			);
			defaultConfigurationIsVisible = 0;
			defaultConfigurationName = Release;
		};
		B05580EE2D08FAAF00E74CBD /* Build configuration list for PBXNativeTarget "PDFKitSwiftTests" */ = {
			isa = XCConfigurationList;
			buildConfigurations = (
				B05580EF2D08FAAF00E74CBD /* Debug */,
				B05580F02D08FAAF00E74CBD /* Release */,
			);
			defaultConfigurationIsVisible = 0;
			defaultConfigurationName = Release;
		};
		B05580F12D08FAAF00E74CBD /* Build configuration list for PBXNativeTarget "PDFKitSwiftUITests" */ = {
			isa = XCConfigurationList;
			buildConfigurations = (
				B05580F22D08FAAF00E74CBD /* Debug */,
				B05580F32D08FAAF00E74CBD /* Release */,
			);
			defaultConfigurationIsVisible = 0;
			defaultConfigurationName = Release;
		};
/* End XCConfigurationList section */
	};
	rootObject = B05580B82D08FAAE00E74CBD /* Project object */;
}
